
Microsoft Visual Studio Solution File, Format Version 12.00
# Visual Studio 14
VisualStudioVersion = 14.0.25420.1
MinimumVisualStudioVersion = 10.0.40219.1
Project("{FAE04EC0-301F-11D3-BF4B-00C04F79EFBC}") = "Emby.AutoOrganize", "Emby.AutoOrganize\Emby.AutoOrganize.csproj", "{14F5F69E-4C8D-491B-8917-8E90E8317530}"
EndProject
Global
	GlobalSection(SolutionConfigurationPlatforms) = preSolution
		Debug|Any CPU = Debug|Any CPU
		Release|Any CPU = Release|Any CPU
	EndGlobalSection
	GlobalSection(ProjectConfigurationPlatforms) = postSolution
		{14F5F69E-4C8D-491B-8917-8E90E8317530}.Debug|Any CPU.ActiveCfg = Debug|Any CPU
		{14F5F69E-4C8D-491B-8917-8E90E8317530}.Debug|Any CPU.Build.0 = Debug|Any CPU
		{14F5F69E-4C8D-491B-8917-8E90E8317530}.Release|Any CPU.ActiveCfg = Release|Any CPU
		{14F5F69E-4C8D-491B-8917-8E90E8317530}.Release|Any CPU.Build.0 = Release|Any CPU
	EndGlobalSection
	GlobalSection(SolutionProperties) = preSolution
		HideSolutionNode = FALSE
	EndGlobalSection
EndGlobal
