
Microsoft Visual Studio Solution File, Format Version 12.00
# Visual Studio 15
VisualStudioVersion = 15.0.26730.3
MinimumVisualStudioVersion = 10.0.40219.1
Project("{FAE04EC0-301F-11D3-BF4B-00C04F79EFBC}") = "Jellyfin.AutoOrganize", "Jellyfin.AutoOrganize\Jellyfin.AutoOrganize.csproj", "{5C291301-A2F4-4BB7-AC94-BA83AD2457EE}"
EndProject
Global
	GlobalSection(SolutionConfigurationPlatforms) = preSolution
		Debug|Any CPU = Debug|Any CPU
		Release|Any CPU = Release|Any CPU
	EndGlobalSection
	GlobalSection(ProjectConfigurationPlatforms) = postSolution
		{5C291301-A2F4-4BB7-AC94-BA83AD2457EE}.Debug|Any CPU.ActiveCfg = Debug|Any CPU
		{5C291301-A2F4-4BB7-AC94-BA83AD2457EE}.Debug|Any CPU.Build.0 = Debug|Any CPU
		{5C291301-A2F4-4BB7-AC94-BA83AD2457EE}.Release|Any CPU.ActiveCfg = Release|Any CPU
		{5C291301-A2F4-4BB7-AC94-BA83AD2457EE}.Release|Any CPU.Build.0 = Release|Any CPU
	EndGlobalSection
	GlobalSection(SolutionProperties) = preSolution
		HideSolutionNode = FALSE
	EndGlobalSection
	GlobalSection(ExtensibilityGlobals) = postSolution
		SolutionGuid = {5E29B3BC-D23E-45D6-977B-7FD0778FFC89}
	EndGlobalSection
EndGlobal
